{
  "pins" : [
    {
      "identity" : "auto-config",
      "kind" : "remoteSourceControl",
      "location" : "https://github.com/miejoy/auto-config.git",
      "state" : {
        "branch" : "main",
        "revision" : "de22f67c42fcf0564b20dc96abb2487bb436054c"
      }
    }
  ],
  "version" : 2
}
