{
  "pins" : [
    {
      "identity" : "auto-config",
      "kind" : "remoteSourceControl",
      "location" : "https://github.com/miejoy/auto-config.git",
      "state" : {
        "branch" : "main",
        "revision" : "552f3c55583a36960c2716be6247844a3b65a0dc"
      }
    }
  ],
  "version" : 2
}
